<?xml version="1.0" encoding="utf-8"?>
<Project ToolsVersion="4.0" xmlns="http://schemas.microsoft.com/developer/msbuild/2003">
  <ItemGroup>
    <Filter Include="Source Files">
      <UniqueIdentifier>{4FC737F1-C7A5-4376-A066-2A32D752A2FF}</UniqueIdentifier>
      <Extensions>cpp;c;cc;cxx;def;odl;idl;hpj;bat;asm;asmx</Extensions>
    </Filter>
    <Filter Include="Header Files">
      <UniqueIdentifier>{93995380-89BD-4b04-88EB-625FBE52EBFB}</UniqueIdentifier>
      <Extensions>h;hpp;hxx;hm;inl;inc;xsd</Extensions>
    </Filter>
    <Filter Include="Resource Files">
      <UniqueIdentifier>{67DA6AB6-F800-4c08-8B7A-83BB121AAD01}</UniqueIdentifier>
      <Extensions>rc;ico;cur;bmp;dlg;rc2;rct;bin;rgs;gif;jpg;jpeg;jpe;resx;tiff;tif;png;wav;mfcribbon-ms</Extensions>
    </Filter>
  </ItemGroup>
  <ItemGroup>
    <ClInclude Include="..\Solaris\Constants.h">
      <Filter>Header Files</Filter>
    </ClInclude>
    <ClInclude Include="..\Solaris\Acceleration.h">
      <Filter>Header Files</Filter>
    </ClInclude>
    <ClInclude Include="..\Solaris\BinaryFileAdapter.h">
      <Filter>Header Files</Filter>
    </ClInclude>
    <ClInclude Include="..\Solaris\Body.h">
      <Filter>Header Files</Filter>
    </ClInclude>
    <ClInclude Include="..\Solaris\BodyData.h">
      <Filter>Header Files</Filter>
    </ClInclude>
    <ClInclude Include="..\Solaris\BodyGroup.h">
      <Filter>Header Files</Filter>
    </ClInclude>
    <ClInclude Include="..\Solaris\BodyGroupList.h">
      <Filter>Header Files</Filter>
    </ClInclude>
    <ClInclude Include="..\Solaris\Characteristics.h">
      <Filter>Header Files</Filter>
    </ClInclude>
    <ClInclude Include="..\Solaris\Component.h">
      <Filter>Header Files</Filter>
    </ClInclude>
    <ClInclude Include="..\Solaris\DateTime.h">
      <Filter>Header Files</Filter>
    </ClInclude>
    <ClInclude Include="..\Solaris\DragCoefficient.h">
      <Filter>Header Files</Filter>
    </ClInclude>
    <ClInclude Include="..\Solaris\Ephemeris.h">
      <Filter>Header Files</Filter>
    </ClInclude>
    <ClInclude Include="..\Solaris\Error.h">
      <Filter>Header Files</Filter>
    </ClInclude>
    <ClInclude Include="..\Solaris\Event.h">
      <Filter>Header Files</Filter>
    </ClInclude>
    <ClInclude Include="..\Solaris\EventCondition.h">
      <Filter>Header Files</Filter>
    </ClInclude>
    <ClInclude Include="..\Solaris\GasComponent.h">
      <Filter>Header Files</Filter>
    </ClInclude>
    <ClInclude Include="..\Solaris\GasDecreaseType.h">
      <Filter>Header Files</Filter>
    </ClInclude>
    <ClInclude Include="..\Solaris\Integrator.h">
      <Filter>Header Files</Filter>
    </ClInclude>
    <ClInclude Include="..\Solaris\IntegratorType.h">
      <Filter>Header Files</Filter>
    </ClInclude>
    <ClInclude Include="..\Solaris\NBodies.h">
      <Filter>Header Files</Filter>
    </ClInclude>
    <ClInclude Include="..\Solaris\Nebula.h">
      <Filter>Header Files</Filter>
    </ClInclude>
    <ClInclude Include="..\Solaris\OrbitalElement.h">
      <Filter>Header Files</Filter>
    </ClInclude>
    <ClInclude Include="..\Solaris\Output.h">
      <Filter>Header Files</Filter>
    </ClInclude>
    <ClInclude Include="..\Solaris\Phase.h">
      <Filter>Header Files</Filter>
    </ClInclude>
    <ClInclude Include="..\Solaris\PowerLaw.h">
      <Filter>Header Files</Filter>
    </ClInclude>
    <ClInclude Include="..\Solaris\RungeKutta56.h">
      <Filter>Header Files</Filter>
    </ClInclude>
    <ClInclude Include="..\Solaris\RungeKuttaFehlberg78.h">
      <Filter>Header Files</Filter>
    </ClInclude>
    <ClInclude Include="..\Solaris\Settings.h">
      <Filter>Header Files</Filter>
    </ClInclude>
    <ClInclude Include="..\Solaris\Simulation.h">
      <Filter>Header Files</Filter>
    </ClInclude>
    <ClInclude Include="..\Solaris\Simulator.h">
      <Filter>Header Files</Filter>
    </ClInclude>
    <ClInclude Include="..\Solaris\SolidsComponent.h">
      <Filter>Header Files</Filter>
    </ClInclude>
    <ClInclude Include="..\Solaris\TimeLine.h">
      <Filter>Header Files</Filter>
    </ClInclude>
    <ClInclude Include="..\Solaris\tinystr.h">
      <Filter>Header Files</Filter>
    </ClInclude>
    <ClInclude Include="..\Solaris\tinyxml.h">
      <Filter>Header Files</Filter>
    </ClInclude>
    <ClInclude Include="..\Solaris\Tools.h">
      <Filter>Header Files</Filter>
    </ClInclude>
    <ClInclude Include="..\Solaris\TwoBodyAffair.h">
      <Filter>Header Files</Filter>
    </ClInclude>
    <ClInclude Include="..\Solaris\Units.h">
      <Filter>Header Files</Filter>
    </ClInclude>
    <ClInclude Include="..\Solaris\Validator.h">
      <Filter>Header Files</Filter>
    </ClInclude>
    <ClInclude Include="..\Solaris\Vector.h">
      <Filter>Header Files</Filter>
    </ClInclude>
    <ClInclude Include="..\Solaris\XmlFileAdapter.h">
      <Filter>Header Files</Filter>
    </ClInclude>
    <ClInclude Include="..\Solaris\Calculate.h">
      <Filter>Header Files</Filter>
    </ClInclude>
    <ClInclude Include="..\Solaris\RungeKutta4.h">
      <Filter>Header Files</Filter>
    </ClInclude>
    <ClInclude Include="..\Solaris\DormandPrince.h">
      <Filter>Header Files</Filter>
    </ClInclude>
    <ClInclude Include="..\Solaris\FargoParameters.h">
      <Filter>Header Files</Filter>
    </ClInclude>
    <ClInclude Include="..\Solaris\Tokenizer.h">
      <Filter>Header Files</Filter>
    </ClInclude>
    <ClInclude Include="..\Solaris\Counter.h">
      <Filter>Header Files</Filter>
    </ClInclude>
  </ItemGroup>
  <ItemGroup>
    <ClCompile Include="Test.cpp">
      <Filter>Source Files</Filter>
    </ClCompile>
    <ClCompile Include="..\Solaris\Acceleration.cpp">
      <Filter>Source Files</Filter>
    </ClCompile>
    <ClCompile Include="..\Solaris\BinaryFileAdapter.cpp">
      <Filter>Source Files</Filter>
    </ClCompile>
    <ClCompile Include="..\Solaris\Body.cpp">
      <Filter>Source Files</Filter>
    </ClCompile>
    <ClCompile Include="..\Solaris\BodyData.cpp">
      <Filter>Source Files</Filter>
    </ClCompile>
    <ClCompile Include="..\Solaris\BodyGroup.cpp">
      <Filter>Source Files</Filter>
    </ClCompile>
    <ClCompile Include="..\Solaris\BodyGroupList.cpp">
      <Filter>Source Files</Filter>
    </ClCompile>
    <ClCompile Include="..\Solaris\Characteristics.cpp">
      <Filter>Source Files</Filter>
    </ClCompile>
    <ClCompile Include="..\Solaris\Component.cpp">
      <Filter>Source Files</Filter>
    </ClCompile>
    <ClCompile Include="..\Solaris\DateTime.cpp">
      <Filter>Source Files</Filter>
    </ClCompile>
    <ClCompile Include="..\Solaris\DragCoefficient.cpp">
      <Filter>Source Files</Filter>
    </ClCompile>
    <ClCompile Include="..\Solaris\Ephemeris.cpp">
      <Filter>Source Files</Filter>
    </ClCompile>
    <ClCompile Include="..\Solaris\Error.cpp">
      <Filter>Source Files</Filter>
    </ClCompile>
    <ClCompile Include="..\Solaris\Event.cpp">
      <Filter>Source Files</Filter>
    </ClCompile>
    <ClCompile Include="..\Solaris\EventCondition.cpp">
      <Filter>Source Files</Filter>
    </ClCompile>
    <ClCompile Include="..\Solaris\GasComponent.cpp">
      <Filter>Source Files</Filter>
    </ClCompile>
    <ClCompile Include="..\Solaris\Integrator.cpp">
      <Filter>Source Files</Filter>
    </ClCompile>
    <ClCompile Include="..\Solaris\NBodies.cpp">
      <Filter>Source Files</Filter>
    </ClCompile>
    <ClCompile Include="..\Solaris\Nebula.cpp">
      <Filter>Source Files</Filter>
    </ClCompile>
    <ClCompile Include="..\Solaris\OrbitalElement.cpp">
      <Filter>Source Files</Filter>
    </ClCompile>
    <ClCompile Include="..\Solaris\Output.cpp">
      <Filter>Source Files</Filter>
    </ClCompile>
    <ClCompile Include="..\Solaris\Phase.cpp">
      <Filter>Source Files</Filter>
    </ClCompile>
    <ClCompile Include="..\Solaris\PowerLaw.cpp">
      <Filter>Source Files</Filter>
    </ClCompile>
    <ClCompile Include="..\Solaris\RungeKuttaFehlberg78.cpp">
      <Filter>Source Files</Filter>
    </ClCompile>
    <ClCompile Include="..\Solaris\Settings.cpp">
      <Filter>Source Files</Filter>
    </ClCompile>
    <ClCompile Include="..\Solaris\Simulation.cpp">
      <Filter>Source Files</Filter>
    </ClCompile>
    <ClCompile Include="..\Solaris\Simulator.cpp">
      <Filter>Source Files</Filter>
    </ClCompile>
    <ClCompile Include="..\Solaris\SolidsComponent.cpp">
      <Filter>Source Files</Filter>
    </ClCompile>
    <ClCompile Include="..\Solaris\TimeLine.cpp">
      <Filter>Source Files</Filter>
    </ClCompile>
    <ClCompile Include="..\Solaris\tinystr.cpp">
      <Filter>Source Files</Filter>
    </ClCompile>
    <ClCompile Include="..\Solaris\tinyxml.cpp">
      <Filter>Source Files</Filter>
    </ClCompile>
    <ClCompile Include="..\Solaris\tinyxmlerror.cpp">
      <Filter>Source Files</Filter>
    </ClCompile>
    <ClCompile Include="..\Solaris\tinyxmlparser.cpp">
      <Filter>Source Files</Filter>
    </ClCompile>
    <ClCompile Include="..\Solaris\Tools.cpp">
      <Filter>Source Files</Filter>
    </ClCompile>
    <ClCompile Include="..\Solaris\TwoBodyAffair.cpp">
      <Filter>Source Files</Filter>
    </ClCompile>
    <ClCompile Include="..\Solaris\Units.cpp">
      <Filter>Source Files</Filter>
    </ClCompile>
    <ClCompile Include="..\Solaris\Validator.cpp">
      <Filter>Source Files</Filter>
    </ClCompile>
    <ClCompile Include="..\Solaris\Vector.cpp">
      <Filter>Source Files</Filter>
    </ClCompile>
    <ClCompile Include="..\Solaris\XmlFileAdapter.cpp">
      <Filter>Source Files</Filter>
    </ClCompile>
    <ClCompile Include="..\Solaris\Calculate.cpp">
      <Filter>Source Files</Filter>
    </ClCompile>
    <ClCompile Include="..\Solaris\RungeKutta4.cpp">
      <Filter>Source Files</Filter>
    </ClCompile>
    <ClCompile Include="..\Solaris\DormandPrince.cpp">
      <Filter>Source Files</Filter>
    </ClCompile>
    <ClCompile Include="..\Solaris\FargoParameters.cpp">
      <Filter>Source Files</Filter>
    </ClCompile>
    <ClCompile Include="..\Solaris\Tokenizer.cpp">
      <Filter>Source Files</Filter>
    </ClCompile>
  </ItemGroup>
</Project>