<?xml version="1.0" encoding="utf-8"?>
<Project ToolsVersion="4.0" xmlns="http://schemas.microsoft.com/developer/msbuild/2003">
  <ItemGroup>
    <Filter Include="Header Files">
      <UniqueIdentifier>{0889aa42-59a1-410c-828b-c1d6acddce33}</UniqueIdentifier>
    </Filter>
    <Filter Include="Source Files">
      <UniqueIdentifier>{e56b47a4-29c8-497e-bb33-4ccfab27978b}</UniqueIdentifier>
    </Filter>
  </ItemGroup>
  <ItemGroup>
    <ClInclude Include="nbody.h">
      <Filter>Header Files</Filter>
    </ClInclude>
    <ClInclude Include="nbody_exception.h">
      <Filter>Header Files</Filter>
    </ClInclude>
    <ClInclude Include="options.h">
      <Filter>Header Files</Filter>
    </ClInclude>
    <ClInclude Include="..\..\config\config.h">
      <Filter>Header Files</Filter>
    </ClInclude>
    <ClInclude Include="number_of_bodies.h">
      <Filter>Header Files</Filter>
    </ClInclude>
    <ClInclude Include="interaction_bound.h">
      <Filter>Header Files</Filter>
    </ClInclude>
    <ClInclude Include="pp_disk.h">
      <Filter>Header Files</Filter>
    </ClInclude>
    <ClInclude Include="gas_disk.h">
      <Filter>Header Files</Filter>
    </ClInclude>
    <ClInclude Include="..\..\config\constants.h">
      <Filter>Header Files</Filter>
    </ClInclude>
  </ItemGroup>
  <ItemGroup>
    <CudaCompile Include="nbody.cu">
      <Filter>Source Files</Filter>
    </CudaCompile>
    <CudaCompile Include="pp_disk.cu">
      <Filter>Source Files</Filter>
    </CudaCompile>
  </ItemGroup>
  <ItemGroup>
    <ClCompile Include="nbody_exception.cpp">
      <Filter>Source Files</Filter>
    </ClCompile>
    <ClCompile Include="options.cpp">
      <Filter>Source Files</Filter>
    </ClCompile>
    <ClCompile Include="number_of_bodies.cpp">
      <Filter>Source Files</Filter>
    </ClCompile>
    <ClCompile Include="gas_disk.cpp">
      <Filter>Source Files</Filter>
    </ClCompile>
  </ItemGroup>
</Project>