<?xml version="1.0" encoding="utf-8"?>
<Project ToolsVersion="4.0" xmlns="http://schemas.microsoft.com/developer/msbuild/2003">
  <ItemGroup>
    <Filter Include="Source Files">
      <UniqueIdentifier>{4FC737F1-C7A5-4376-A066-2A32D752A2FF}</UniqueIdentifier>
      <Extensions>cpp;c;cc;cxx;def;odl;idl;hpj;bat;asm;asmx</Extensions>
    </Filter>
    <Filter Include="Header Files">
      <UniqueIdentifier>{93995380-89BD-4b04-88EB-625FBE52EBFB}</UniqueIdentifier>
      <Extensions>h;hpp;hxx;hm;inl;inc;xsd</Extensions>
    </Filter>
    <Filter Include="Resource Files">
      <UniqueIdentifier>{67DA6AB6-F800-4c08-8B7A-83BB121AAD01}</UniqueIdentifier>
      <Extensions>rc;ico;cur;bmp;dlg;rc2;rct;bin;rgs;gif;jpg;jpeg;jpe;resx;tiff;tif;png;wav;mfcribbon-ms</Extensions>
    </Filter>
  </ItemGroup>
  <ItemGroup>
    <ClInclude Include="XmlFileAdapter.h">
      <Filter>Header Files</Filter>
    </ClInclude>
    <ClInclude Include="Acceleration.h">
      <Filter>Header Files</Filter>
    </ClInclude>
    <ClInclude Include="BinaryFileAdapter.h">
      <Filter>Header Files</Filter>
    </ClInclude>
    <ClInclude Include="Body.h">
      <Filter>Header Files</Filter>
    </ClInclude>
    <ClInclude Include="BodyData.h">
      <Filter>Header Files</Filter>
    </ClInclude>
    <ClInclude Include="BodyGroup.h">
      <Filter>Header Files</Filter>
    </ClInclude>
    <ClInclude Include="BodyGroupList.h">
      <Filter>Header Files</Filter>
    </ClInclude>
    <ClInclude Include="Characteristics.h">
      <Filter>Header Files</Filter>
    </ClInclude>
    <ClInclude Include="Component.h">
      <Filter>Header Files</Filter>
    </ClInclude>
    <ClInclude Include="Constants.h">
      <Filter>Header Files</Filter>
    </ClInclude>
    <ClInclude Include="DateTime.h">
      <Filter>Header Files</Filter>
    </ClInclude>
    <ClInclude Include="DragCoefficient.h">
      <Filter>Header Files</Filter>
    </ClInclude>
    <ClInclude Include="Ephemeris.h">
      <Filter>Header Files</Filter>
    </ClInclude>
    <ClInclude Include="Event.h">
      <Filter>Header Files</Filter>
    </ClInclude>
    <ClInclude Include="EventCondition.h">
      <Filter>Header Files</Filter>
    </ClInclude>
    <ClInclude Include="GasComponent.h">
      <Filter>Header Files</Filter>
    </ClInclude>
    <ClInclude Include="Integrator.h">
      <Filter>Header Files</Filter>
    </ClInclude>
    <ClInclude Include="IntegratorType.h">
      <Filter>Header Files</Filter>
    </ClInclude>
    <ClInclude Include="NBodies.h">
      <Filter>Header Files</Filter>
    </ClInclude>
    <ClInclude Include="Nebula.h">
      <Filter>Header Files</Filter>
    </ClInclude>
    <ClInclude Include="OrbitalElement.h">
      <Filter>Header Files</Filter>
    </ClInclude>
    <ClInclude Include="Output.h">
      <Filter>Header Files</Filter>
    </ClInclude>
    <ClInclude Include="Phase.h">
      <Filter>Header Files</Filter>
    </ClInclude>
    <ClInclude Include="PowerLaw.h">
      <Filter>Header Files</Filter>
    </ClInclude>
    <ClInclude Include="RungeKuttaFehlberg78.h">
      <Filter>Header Files</Filter>
    </ClInclude>
    <ClInclude Include="Settings.h">
      <Filter>Header Files</Filter>
    </ClInclude>
    <ClInclude Include="Simulation.h">
      <Filter>Header Files</Filter>
    </ClInclude>
    <ClInclude Include="Simulator.h">
      <Filter>Header Files</Filter>
    </ClInclude>
    <ClInclude Include="SolidsComponent.h">
      <Filter>Header Files</Filter>
    </ClInclude>
    <ClInclude Include="TimeLine.h">
      <Filter>Header Files</Filter>
    </ClInclude>
    <ClInclude Include="tinystr.h">
      <Filter>Header Files</Filter>
    </ClInclude>
    <ClInclude Include="tinyxml.h">
      <Filter>Header Files</Filter>
    </ClInclude>
    <ClInclude Include="Tools.h">
      <Filter>Header Files</Filter>
    </ClInclude>
    <ClInclude Include="TwoBodyAffair.h">
      <Filter>Header Files</Filter>
    </ClInclude>
    <ClInclude Include="Units.h">
      <Filter>Header Files</Filter>
    </ClInclude>
    <ClInclude Include="Validator.h">
      <Filter>Header Files</Filter>
    </ClInclude>
    <ClInclude Include="Vector.h">
      <Filter>Header Files</Filter>
    </ClInclude>
    <ClInclude Include="Error.h">
      <Filter>Header Files</Filter>
    </ClInclude>
    <ClInclude Include="RungeKutta56.h">
      <Filter>Header Files</Filter>
    </ClInclude>
    <ClInclude Include="GasDecreaseType.h">
      <Filter>Header Files</Filter>
    </ClInclude>
    <ClInclude Include="Calculate.h">
      <Filter>Header Files</Filter>
    </ClInclude>
    <ClInclude Include="RungeKutta4.h">
      <Filter>Header Files</Filter>
    </ClInclude>
    <ClInclude Include="DormandPrince.h">
      <Filter>Header Files</Filter>
    </ClInclude>
    <ClInclude Include="FargoParameters.h">
      <Filter>Header Files</Filter>
    </ClInclude>
    <ClInclude Include="Tokenizer.h">
      <Filter>Header Files</Filter>
    </ClInclude>
  </ItemGroup>
  <ItemGroup>
    <ClCompile Include="XmlFileAdapter.cpp">
      <Filter>Source Files</Filter>
    </ClCompile>
    <ClCompile Include="Acceleration.cpp">
      <Filter>Source Files</Filter>
    </ClCompile>
    <ClCompile Include="BinaryFileAdapter.cpp">
      <Filter>Source Files</Filter>
    </ClCompile>
    <ClCompile Include="Body.cpp">
      <Filter>Source Files</Filter>
    </ClCompile>
    <ClCompile Include="BodyData.cpp">
      <Filter>Source Files</Filter>
    </ClCompile>
    <ClCompile Include="BodyGroup.cpp">
      <Filter>Source Files</Filter>
    </ClCompile>
    <ClCompile Include="BodyGroupList.cpp">
      <Filter>Source Files</Filter>
    </ClCompile>
    <ClCompile Include="Characteristics.cpp">
      <Filter>Source Files</Filter>
    </ClCompile>
    <ClCompile Include="Component.cpp">
      <Filter>Source Files</Filter>
    </ClCompile>
    <ClCompile Include="DateTime.cpp">
      <Filter>Source Files</Filter>
    </ClCompile>
    <ClCompile Include="DragCoefficient.cpp">
      <Filter>Source Files</Filter>
    </ClCompile>
    <ClCompile Include="Ephemeris.cpp">
      <Filter>Source Files</Filter>
    </ClCompile>
    <ClCompile Include="Event.cpp">
      <Filter>Source Files</Filter>
    </ClCompile>
    <ClCompile Include="EventCondition.cpp">
      <Filter>Source Files</Filter>
    </ClCompile>
    <ClCompile Include="GasComponent.cpp">
      <Filter>Source Files</Filter>
    </ClCompile>
    <ClCompile Include="Integrator.cpp">
      <Filter>Source Files</Filter>
    </ClCompile>
    <ClCompile Include="NBodies.cpp">
      <Filter>Source Files</Filter>
    </ClCompile>
    <ClCompile Include="Nebula.cpp">
      <Filter>Source Files</Filter>
    </ClCompile>
    <ClCompile Include="OrbitalElement.cpp">
      <Filter>Source Files</Filter>
    </ClCompile>
    <ClCompile Include="Output.cpp">
      <Filter>Source Files</Filter>
    </ClCompile>
    <ClCompile Include="Phase.cpp">
      <Filter>Source Files</Filter>
    </ClCompile>
    <ClCompile Include="PowerLaw.cpp">
      <Filter>Source Files</Filter>
    </ClCompile>
    <ClCompile Include="RungeKuttaFehlberg78.cpp">
      <Filter>Source Files</Filter>
    </ClCompile>
    <ClCompile Include="Settings.cpp">
      <Filter>Source Files</Filter>
    </ClCompile>
    <ClCompile Include="Simulation.cpp">
      <Filter>Source Files</Filter>
    </ClCompile>
    <ClCompile Include="Simulator.cpp">
      <Filter>Source Files</Filter>
    </ClCompile>
    <ClCompile Include="Solaris.cpp">
      <Filter>Source Files</Filter>
    </ClCompile>
    <ClCompile Include="SolidsComponent.cpp">
      <Filter>Source Files</Filter>
    </ClCompile>
    <ClCompile Include="TimeLine.cpp">
      <Filter>Source Files</Filter>
    </ClCompile>
    <ClCompile Include="tinystr.cpp">
      <Filter>Source Files</Filter>
    </ClCompile>
    <ClCompile Include="tinyxml.cpp">
      <Filter>Source Files</Filter>
    </ClCompile>
    <ClCompile Include="tinyxmlerror.cpp">
      <Filter>Source Files</Filter>
    </ClCompile>
    <ClCompile Include="tinyxmlparser.cpp">
      <Filter>Source Files</Filter>
    </ClCompile>
    <ClCompile Include="Tools.cpp">
      <Filter>Source Files</Filter>
    </ClCompile>
    <ClCompile Include="TwoBodyAffair.cpp">
      <Filter>Source Files</Filter>
    </ClCompile>
    <ClCompile Include="Units.cpp">
      <Filter>Source Files</Filter>
    </ClCompile>
    <ClCompile Include="Validator.cpp">
      <Filter>Source Files</Filter>
    </ClCompile>
    <ClCompile Include="Vector.cpp">
      <Filter>Source Files</Filter>
    </ClCompile>
    <ClCompile Include="Error.cpp">
      <Filter>Source Files</Filter>
    </ClCompile>
    <ClCompile Include="Calculate.cpp">
      <Filter>Source Files</Filter>
    </ClCompile>
    <ClCompile Include="RungeKutta4.cpp">
      <Filter>Source Files</Filter>
    </ClCompile>
    <ClCompile Include="DormandPrince.cpp">
      <Filter>Source Files</Filter>
    </ClCompile>
    <ClCompile Include="FargoParameters.cpp">
      <Filter>Source Files</Filter>
    </ClCompile>
    <ClCompile Include="Tokenizer.cpp">
      <Filter>Source Files</Filter>
    </ClCompile>
  </ItemGroup>
</Project>